// !$*UTF8*$!
{
	archiveVersion = 1;
	classes = {
	};
	objectVersion = 46;
	objects = {

/* Begin PBXBuildFile section */
		0294BEA41ACB745100077455 /* main.m in Sources */ = {isa = PBXBuildFile; fileRef = 0294BEA31ACB745100077455 /* main.m */; };
		0294BEA71ACB745100077455 /* AppDelegate.m in Sources */ = {isa = PBXBuildFile; fileRef = 0294BEA61ACB745100077455 /* AppDelegate.m */; };
		0294BEAA1ACB745100077455 /* GameScene.m in Sources */ = {isa = PBXBuildFile; fileRef = 0294BEA91ACB745100077455 /* GameScene.m */; };
		0294BEB21ACB745100077455 /* Main.storyboard in Resources */ = {isa = PBXBuildFile; fileRef = 0294BEB01ACB745100077455 /* Main.storyboard */; };
		0294BEB41ACB745100077455 /* Images.xcassets in Resources */ = {isa = PBXBuildFile; fileRef = 0294BEB31ACB745100077455 /* Images.xcassets */; };
		0294BEB71ACB745100077455 /* LaunchScreen.xib in Resources */ = {isa = PBXBuildFile; fileRef = 0294BEB51ACB745100077455 /* LaunchScreen.xib */; };
		0294BEC31ACB745100077455 /* StockAdventureTests.m in Sources */ = {isa = PBXBuildFile; fileRef = 0294BEC21ACB745100077455 /* StockAdventureTests.m */; };
		5459064D30565DE9FEF5CF84 /* GameScene2.m in Sources */ = {isa = PBXBuildFile; fileRef = 545906293FAF9EB8D9C3C16F /* GameScene2.m */; };
		54590B3B7EEFB8C7A5B1375E /* GameViewController.m in Sources */ = {isa = PBXBuildFile; fileRef = 54590CAECDC1FD90ACB599EB /* GameViewController.m */; };
/* End PBXBuildFile section */

/* Begin PBXContainerItemProxy section */
		0294BEBD1ACB745100077455 /* PBXContainerItemProxy */ = {
			isa = PBXContainerItemProxy;
			containerPortal = 0294BE961ACB745000077455 /* Project object */;
			proxyType = 1;
			remoteGlobalIDString = 0294BE9D1ACB745100077455;
			remoteInfo = StockAdventure;
		};
/* End PBXContainerItemProxy section */

/* Begin PBXFileReference section */
		0294BE9E1ACB745100077455 /* StockAdventure.app */ = {isa = PBXFileReference; explicitFileType = wrapper.application; includeInIndex = 0; path = StockAdventure.app; sourceTree = BUILT_PRODUCTS_DIR; };
		0294BEA21ACB745100077455 /* Info.plist */ = {isa = PBXFileReference; lastKnownFileType = text.plist.xml; path = Info.plist; sourceTree = "<group>"; };
		0294BEA31ACB745100077455 /* main.m */ = {isa = PBXFileReference; lastKnownFileType = sourcecode.c.objc; path = main.m; sourceTree = "<group>"; };
		0294BEA51ACB745100077455 /* AppDelegate.h */ = {isa = PBXFileReference; lastKnownFileType = sourcecode.c.h; path = AppDelegate.h; sourceTree = "<group>"; };
		0294BEA61ACB745100077455 /* AppDelegate.m */ = {isa = PBXFileReference; lastKnownFileType = sourcecode.c.objc; path = AppDelegate.m; sourceTree = "<group>"; };
		0294BEA81ACB745100077455 /* GameScene.h */ = {isa = PBXFileReference; lastKnownFileType = sourcecode.c.h; path = GameScene.h; sourceTree = "<group>"; };
		0294BEA91ACB745100077455 /* GameScene.m */ = {isa = PBXFileReference; lastKnownFileType = sourcecode.c.objc; path = GameScene.m; sourceTree = "<group>"; };
		0294BEB11ACB745100077455 /* Base */ = {isa = PBXFileReference; lastKnownFileType = file.storyboard; name = Base; path = Base.lproj/Main.storyboard; sourceTree = "<group>"; };
		0294BEB31ACB745100077455 /* Images.xcassets */ = {isa = PBXFileReference; lastKnownFileType = folder.assetcatalog; path = Images.xcassets; sourceTree = "<group>"; };
		0294BEB61ACB745100077455 /* Base */ = {isa = PBXFileReference; lastKnownFileType = file.xib; name = Base; path = Base.lproj/LaunchScreen.xib; sourceTree = "<group>"; };
		0294BEBC1ACB745100077455 /* StockAdventureTests.xctest */ = {isa = PBXFileReference; explicitFileType = wrapper.cfbundle; includeInIndex = 0; path = StockAdventureTests.xctest; sourceTree = BUILT_PRODUCTS_DIR; };
		0294BEC11ACB745100077455 /* Info.plist */ = {isa = PBXFileReference; lastKnownFileType = text.plist.xml; path = Info.plist; sourceTree = "<group>"; };
		0294BEC21ACB745100077455 /* StockAdventureTests.m */ = {isa = PBXFileReference; lastKnownFileType = sourcecode.c.objc; path = StockAdventureTests.m; sourceTree = "<group>"; };
		5459001E8172AD4DB22A9AF6 /* GameScene2.h */ = {isa = PBXFileReference; fileEncoding = 4; lastKnownFileType = sourcecode.c.h; path = GameScene2.h; sourceTree = "<group>"; };
		545906293FAF9EB8D9C3C16F /* GameScene2.m */ = {isa = PBXFileReference; fileEncoding = 4; lastKnownFileType = sourcecode.c.objc; path = GameScene2.m; sourceTree = "<group>"; };
		54590C543E07EBFCB28FFD1D /* GameViewController.h */ = {isa = PBXFileReference; fileEncoding = 4; lastKnownFileType = sourcecode.c.h; path = GameViewController.h; sourceTree = "<group>"; };
		54590CAECDC1FD90ACB599EB /* GameViewController.m */ = {isa = PBXFileReference; fileEncoding = 4; lastKnownFileType = sourcecode.c.objc; path = GameViewController.m; sourceTree = "<group>"; };
/* End PBXFileReference section */

/* Begin PBXFrameworksBuildPhase section */
		0294BE9B1ACB745100077455 /* Frameworks */ = {
			isa = PBXFrameworksBuildPhase;
			buildActionMask = 2147483647;
			files = (
			);
			runOnlyForDeploymentPostprocessing = 0;
		};
		0294BEB91ACB745100077455 /* Frameworks */ = {
			isa = PBXFrameworksBuildPhase;
			buildActionMask = 2147483647;
			files = (
			);
			runOnlyForDeploymentPostprocessing = 0;
		};
/* End PBXFrameworksBuildPhase section */

/* Begin PBXGroup section */
		0294BE951ACB745000077455 = {
			isa = PBXGroup;
			children = (
				0294BEA01ACB745100077455 /* StockAdventure */,
				0294BEBF1ACB745100077455 /* StockAdventureTests */,
				0294BE9F1ACB745100077455 /* Products */,
			);
			sourceTree = "<group>";
		};
		0294BE9F1ACB745100077455 /* Products */ = {
			isa = PBXGroup;
			children = (
				0294BE9E1ACB745100077455 /* StockAdventure.app */,
				0294BEBC1ACB745100077455 /* StockAdventureTests.xctest */,
			);
			name = Products;
			sourceTree = "<group>";
		};
		0294BEA01ACB745100077455 /* StockAdventure */ = {
			isa = PBXGroup;
			children = (
				0294BEA51ACB745100077455 /* AppDelegate.h */,
				0294BEA61ACB745100077455 /* AppDelegate.m */,
				0294BEA81ACB745100077455 /* GameScene.h */,
				0294BEA91ACB745100077455 /* GameScene.m */,
				0294BEB01ACB745100077455 /* Main.storyboard */,
				0294BEB31ACB745100077455 /* Images.xcassets */,
				0294BEB51ACB745100077455 /* LaunchScreen.xib */,
				0294BEA11ACB745100077455 /* Supporting Files */,
				545906293FAF9EB8D9C3C16F /* GameScene2.m */,
				5459001E8172AD4DB22A9AF6 /* GameScene2.h */,
			);
			path = StockAdventure;
			sourceTree = "<group>";
		};
		0294BEA11ACB745100077455 /* Supporting Files */ = {
			isa = PBXGroup;
			children = (
				0294BEA21ACB745100077455 /* Info.plist */,
				0294BEA31ACB745100077455 /* main.m */,
			);
			name = "Supporting Files";
			sourceTree = "<group>";
		};
		0294BEBF1ACB745100077455 /* StockAdventureTests */ = {
			isa = PBXGroup;
			children = (
				0294BEC21ACB745100077455 /* StockAdventureTests.m */,
				0294BEC01ACB745100077455 /* Supporting Files */,
				54590CAECDC1FD90ACB599EB /* GameViewController.m */,
				54590C543E07EBFCB28FFD1D /* GameViewController.h */,
			);
			path = StockAdventureTests;
			sourceTree = "<group>";
		};
		0294BEC01ACB745100077455 /* Supporting Files */ = {
			isa = PBXGroup;
			children = (
				0294BEC11ACB745100077455 /* Info.plist */,
			);
			name = "Supporting Files";
			sourceTree = "<group>";
		};
/* End PBXGroup section */

/* Begin PBXNativeTarget section */
		0294BE9D1ACB745100077455 /* StockAdventure */ = {
			isa = PBXNativeTarget;
			buildConfigurationList = 0294BEC61ACB745100077455 /* Build configuration list for PBXNativeTarget "StockAdventure" */;
			buildPhases = (
				0294BE9A1ACB745100077455 /* Sources */,
				0294BE9B1ACB745100077455 /* Frameworks */,
				0294BE9C1ACB745100077455 /* Resources */,
			);
			buildRules = (
			);
			dependencies = (
			);
			name = StockAdventure;
			productName = StockAdventure;
			productReference = 0294BE9E1ACB745100077455 /* StockAdventure.app */;
			productType = "com.apple.product-type.application";
		};
		0294BEBB1ACB745100077455 /* StockAdventureTests */ = {
			isa = PBXNativeTarget;
			buildConfigurationList = 0294BEC91ACB745100077455 /* Build configuration list for PBXNativeTarget "StockAdventureTests" */;
			buildPhases = (
				0294BEB81ACB745100077455 /* Sources */,
				0294BEB91ACB745100077455 /* Frameworks */,
				0294BEBA1ACB745100077455 /* Resources */,
			);
			buildRules = (
			);
			dependencies = (
				0294BEBE1ACB745100077455 /* PBXTargetDependency */,
			);
			name = StockAdventureTests;
			productName = StockAdventureTests;
			productReference = 0294BEBC1ACB745100077455 /* StockAdventureTests.xctest */;
			productType = "com.apple.product-type.bundle.unit-test";
		};
/* End PBXNativeTarget section */

/* Begin PBXProject section */
		0294BE961ACB745000077455 /* Project object */ = {
			isa = PBXProject;
			attributes = {
				LastUpgradeCheck = 0620;
				ORGANIZATIONNAME = "Stefan Kendall";
				TargetAttributes = {
					0294BE9D1ACB745100077455 = {
						CreatedOnToolsVersion = 6.2;
					};
					0294BEBB1ACB745100077455 = {
						CreatedOnToolsVersion = 6.2;
						TestTargetID = 0294BE9D1ACB745100077455;
					};
				};
			};
			buildConfigurationList = 0294BE991ACB745000077455 /* Build configuration list for PBXProject "StockAdventure" */;
			compatibilityVersion = "Xcode 3.2";
			developmentRegion = English;
			hasScannedForEncodings = 0;
			knownRegions = (
				en,
				Base,
			);
			mainGroup = 0294BE951ACB745000077455;
			productRefGroup = 0294BE9F1ACB745100077455 /* Products */;
			projectDirPath = "";
			projectRoot = "";
			targets = (
				0294BE9D1ACB745100077455 /* StockAdventure */,
				0294BEBB1ACB745100077455 /* StockAdventureTests */,
			);
		};
/* End PBXProject section */

/* Begin PBXResourcesBuildPhase section */
		0294BE9C1ACB745100077455 /* Resources */ = {
			isa = PBXResourcesBuildPhase;
			buildActionMask = 2147483647;
			files = (
				0294BEB71ACB745100077455 /* LaunchScreen.xib in Resources */,
				0294BEB41ACB745100077455 /* Images.xcassets in Resources */,
				0294BEB21ACB745100077455 /* Main.storyboard in Resources */,
			);
			runOnlyForDeploymentPostprocessing = 0;
		};
		0294BEBA1ACB745100077455 /* Resources */ = {
			isa = PBXResourcesBuildPhase;
			buildActionMask = 2147483647;
			files = (
			);
			runOnlyForDeploymentPostprocessing = 0;
		};
/* End PBXResourcesBuildPhase section */

/* Begin PBXSourcesBuildPhase section */
		0294BE9A1ACB745100077455 /* Sources */ = {
			isa = PBXSourcesBuildPhase;
			buildActionMask = 2147483647;
			files = (
				0294BEA71ACB745100077455 /* AppDelegate.m in Sources */,
				0294BEAA1ACB745100077455 /* GameScene.m in Sources */,
				0294BEA41ACB745100077455 /* main.m in Sources */,
				5459064D30565DE9FEF5CF84 /* GameScene2.m in Sources */,
				54590B3B7EEFB8C7A5B1375E /* GameViewController.m in Sources */,
			);
			runOnlyForDeploymentPostprocessing = 0;
		};
		0294BEB81ACB745100077455 /* Sources */ = {
			isa = PBXSourcesBuildPhase;
			buildActionMask = 2147483647;
			files = (
				0294BEC31ACB745100077455 /* StockAdventureTests.m in Sources */,
			);
			runOnlyForDeploymentPostprocessing = 0;
		};
/* End PBXSourcesBuildPhase section */

/* Begin PBXTargetDependency section */
		0294BEBE1ACB745100077455 /* PBXTargetDependency */ = {
			isa = PBXTargetDependency;
			target = 0294BE9D1ACB745100077455 /* StockAdventure */;
			targetProxy = 0294BEBD1ACB745100077455 /* PBXContainerItemProxy */;
		};
/* End PBXTargetDependency section */

/* Begin PBXVariantGroup section */
		0294BEB01ACB745100077455 /* Main.storyboard */ = {
			isa = PBXVariantGroup;
			children = (
				0294BEB11ACB745100077455 /* Base */,
			);
			name = Main.storyboard;
			sourceTree = "<group>";
		};
		0294BEB51ACB745100077455 /* LaunchScreen.xib */ = {
			isa = PBXVariantGroup;
			children = (
				0294BEB61ACB745100077455 /* Base */,
			);
			name = LaunchScreen.xib;
			sourceTree = "<group>";
		};
/* End PBXVariantGroup section */

/* Begin XCBuildConfiguration section */
		0294BEC41ACB745100077455 /* Debug */ = {
			isa = XCBuildConfiguration;
			buildSettings = {
				ALWAYS_SEARCH_USER_PATHS = NO;
				CLANG_CXX_LANGUAGE_STANDARD = "gnu++0x";
				CLANG_CXX_LIBRARY = "libc++";
				CLANG_ENABLE_MODULES = YES;
				CLANG_ENABLE_OBJC_ARC = YES;
				CLANG_WARN_BOOL_CONVERSION = YES;
				CLANG_WARN_CONSTANT_CONVERSION = YES;
				CLANG_WARN_DIRECT_OBJC_ISA_USAGE = YES_ERROR;
				CLANG_WARN_EMPTY_BODY = YES;
				CLANG_WARN_ENUM_CONVERSION = YES;
				CLANG_WARN_INT_CONVERSION = YES;
				CLANG_WARN_OBJC_ROOT_CLASS = YES_ERROR;
				CLANG_WARN_UNREACHABLE_CODE = YES;
				CLANG_WARN__DUPLICATE_METHOD_MATCH = YES;
				"CODE_SIGN_IDENTITY[sdk=iphoneos*]" = "iPhone Developer";
				COPY_PHASE_STRIP = NO;
				ENABLE_STRICT_OBJC_MSGSEND = YES;
				GCC_C_LANGUAGE_STANDARD = gnu99;
				GCC_DYNAMIC_NO_PIC = NO;
				GCC_OPTIMIZATION_LEVEL = 0;
				GCC_PREPROCESSOR_DEFINITIONS = (
					"DEBUG=1",
					"$(inherited)",
				);
				GCC_SYMBOLS_PRIVATE_EXTERN = NO;
				GCC_WARN_64_TO_32_BIT_CONVERSION = YES;
				GCC_WARN_ABOUT_RETURN_TYPE = YES_ERROR;
				GCC_WARN_UNDECLARED_SELECTOR = YES;
				GCC_WARN_UNINITIALIZED_AUTOS = YES_AGGRESSIVE;
				GCC_WARN_UNUSED_FUNCTION = YES;
				GCC_WARN_UNUSED_VARIABLE = YES;
				IPHONEOS_DEPLOYMENT_TARGET = 8.2;
				MTL_ENABLE_DEBUG_INFO = YES;
				ONLY_ACTIVE_ARCH = YES;
				SDKROOT = iphoneos;
				TARGETED_DEVICE_FAMILY = "1,2";
			};
			name = Debug;
		};
		0294BEC51ACB745100077455 /* Release */ = {
			isa = XCBuildConfiguration;
			buildSettings = {
				ALWAYS_SEARCH_USER_PATHS = NO;
				CLANG_CXX_LANGUAGE_STANDARD = "gnu++0x";
				CLANG_CXX_LIBRARY = "libc++";
				CLANG_ENABLE_MODULES = YES;
				CLANG_ENABLE_OBJC_ARC = YES;
				CLANG_WARN_BOOL_CONVERSION = YES;
				CLANG_WARN_CONSTANT_CONVERSION = YES;
				CLANG_WARN_DIRECT_OBJC_ISA_USAGE = YES_ERROR;
				CLANG_WARN_EMPTY_BODY = YES;
				CLANG_WARN_ENUM_CONVERSION = YES;
				CLANG_WARN_INT_CONVERSION = YES;
				CLANG_WARN_OBJC_ROOT_CLASS = YES_ERROR;
				CLANG_WARN_UNREACHABLE_CODE = YES;
				CLANG_WARN__DUPLICATE_METHOD_MATCH = YES;
				"CODE_SIGN_IDENTITY[sdk=iphoneos*]" = "iPhone Developer";
				COPY_PHASE_STRIP = NO;
				ENABLE_NS_ASSERTIONS = NO;
				ENABLE_STRICT_OBJC_MSGSEND = YES;
				GCC_C_LANGUAGE_STANDARD = gnu99;
				GCC_WARN_64_TO_32_BIT_CONVERSION = YES;
				GCC_WARN_ABOUT_RETURN_TYPE = YES_ERROR;
				GCC_WARN_UNDECLARED_SELECTOR = YES;
				GCC_WARN_UNINITIALIZED_AUTOS = YES_AGGRESSIVE;
				GCC_WARN_UNUSED_FUNCTION = YES;
				GCC_WARN_UNUSED_VARIABLE = YES;
				IPHONEOS_DEPLOYMENT_TARGET = 8.2;
				MTL_ENABLE_DEBUG_INFO = NO;
				SDKROOT = iphoneos;
				TARGETED_DEVICE_FAMILY = "1,2";
				VALIDATE_PRODUCT = YES;
			};
			name = Release;
		};
		0294BEC71ACB745100077455 /* Debug */ = {
			isa = XCBuildConfiguration;
			buildSettings = {
				ASSETCATALOG_COMPILER_APPICON_NAME = AppIcon;
				INFOPLIST_FILE = StockAdventure/Info.plist;
				LD_RUNPATH_SEARCH_PATHS = "$(inherited) @executable_path/Frameworks";
				PRODUCT_NAME = "$(TARGET_NAME)";
			};
			name = Debug;
		};
		0294BEC81ACB745100077455 /* Release */ = {
			isa = XCBuildConfiguration;
			buildSettings = {
				ASSETCATALOG_COMPILER_APPICON_NAME = AppIcon;
				INFOPLIST_FILE = StockAdventure/Info.plist;
				LD_RUNPATH_SEARCH_PATHS = "$(inherited) @executable_path/Frameworks";
				PRODUCT_NAME = "$(TARGET_NAME)";
			};
			name = Release;
		};
		0294BECA1ACB745100077455 /* Debug */ = {
			isa = XCBuildConfiguration;
			buildSettings = {
				BUNDLE_LOADER = "$(TEST_HOST)";
				FRAMEWORK_SEARCH_PATHS = (
					"$(SDKROOT)/Developer/Library/Frameworks",
					"$(inherited)",
				);
				GCC_PREPROCESSOR_DEFINITIONS = (
					"DEBUG=1",
					"$(inherited)",
				);
				INFOPLIST_FILE = StockAdventureTests/Info.plist;
				LD_RUNPATH_SEARCH_PATHS = "$(inherited) @executable_path/Frameworks @loader_path/Frameworks";
				PRODUCT_NAME = "$(TARGET_NAME)";
				TEST_HOST = "$(BUILT_PRODUCTS_DIR)/StockAdventure.app/StockAdventure";
			};
			name = Debug;
		};
		0294BECB1ACB745100077455 /* Release */ = {
			isa = XCBuildConfiguration;
			buildSettings = {
				BUNDLE_LOADER = "$(TEST_HOST)";
				FRAMEWORK_SEARCH_PATHS = (
					"$(SDKROOT)/Developer/Library/Frameworks",
					"$(inherited)",
				);
				INFOPLIST_FILE = StockAdventureTests/Info.plist;
				LD_RUNPATH_SEARCH_PATHS = "$(inherited) @executable_path/Frameworks @loader_path/Frameworks";
				PRODUCT_NAME = "$(TARGET_NAME)";
				TEST_HOST = "$(BUILT_PRODUCTS_DIR)/StockAdventure.app/StockAdventure";
			};
			name = Release;
		};
/* End XCBuildConfiguration section */

/* Begin XCConfigurationList section */
		0294BE991ACB745000077455 /* Build configuration list for PBXProject "StockAdventure" */ = {
			isa = XCConfigurationList;
			buildConfigurations = (
				0294BEC41ACB745100077455 /* Debug */,
				0294BEC51ACB745100077455 /* Release */,
			);
			defaultConfigurationIsVisible = 0;
			defaultConfigurationName = Release;
		};
		0294BEC61ACB745100077455 /* Build configuration list for PBXNativeTarget "StockAdventure" */ = {
			isa = XCConfigurationList;
			buildConfigurations = (
				0294BEC71ACB745100077455 /* Debug */,
				0294BEC81ACB745100077455 /* Release */,
			);
			defaultConfigurationIsVisible = 0;
			defaultConfigurationName = Release;
		};
		0294BEC91ACB745100077455 /* Build configuration list for PBXNativeTarget "StockAdventureTests" */ = {
			isa = XCConfigurationList;
			buildConfigurations = (
				0294BECA1ACB745100077455 /* Debug */,
				0294BECB1ACB745100077455 /* Release */,
			);
			defaultConfigurationIsVisible = 0;
			defaultConfigurationName = Release;
		};
/* End XCConfigurationList section */
	};
	rootObject = 0294BE961ACB745000077455 /* Project object */;
}
