// !$*UTF8*$!
{
	archiveVersion = 1;
	classes = {
	};
	objectVersion = 46;
	objects = {

/* Begin PBXBuildFile section */
		0294BEA41ACB745100077455 /* main.m in Sources */ = {isa = PBXBuildFile; fileRef = 0294BEA31ACB745100077455 /* main.m */; };
		0294BEA71ACB745100077455 /* AppDelegate.m in Sources */ = {isa = PBXBuildFile; fileRef = 0294BEA61ACB745100077455 /* AppDelegate.m */; };
		0294BEAA1ACB745100077455 /* GameScene.m in Sources */ = {isa = PBXBuildFile; fileRef = 0294BEA91ACB745100077455 /* GameScene.m */; };
		0294BEB21ACB745100077455 /* Main.storyboard in Resources */ = {isa = PBXBuildFile; fileRef = 0294BEB01ACB745100077455 /* Main.storyboard */; };
		0294BEB41ACB745100077455 /* Images.xcassets in Resources */ = {isa = PBXBuildFile; fileRef = 0294BEB31ACB745100077455 /* Images.xcassets */; };
		0294BEB71ACB745100077455 /* LaunchScreen.xib in Resources */ = {isa = PBXBuildFile; fileRef = 0294BEB51ACB745100077455 /* LaunchScreen.xib */; };
		0294BEC31ACB745100077455 /* StockAdventureTests.m in Sources */ = {isa = PBXBuildFile; fileRef = 0294BEC21ACB745100077455 /* StockAdventureTests.m */; };
		02A12A8D1AD5E00D007C142B /* FontTest.xib in Resources */ = {isa = PBXBuildFile; fileRef = 02A12A8C1AD5E00D007C142B /* FontTest.xib */; };
		54590178D317DFDC9DED2F06 /* story.json in Resources */ = {isa = PBXBuildFile; fileRef = 54590BA1C7F422C589A5D46C /* story.json */; };
		545903A48F9F578AFBA29F23 /* StitchNode.m in Sources */ = {isa = PBXBuildFile; fileRef = 54590B831D73542D87FDB55D /* StitchNode.m */; };
		545904FF6E4E41C23E23D301 /* OptionsNode.m in Sources */ = {isa = PBXBuildFile; fileRef = 54590153782BB7BBFA3427F9 /* OptionsNode.m */; };
		5459059D733D587B3FEBDCAB /* GameViewController.m in Sources */ = {isa = PBXBuildFile; fileRef = 545901622765EABAF7EF95A5 /* GameViewController.m */; };
		54590760295CFDDEC49CD7E5 /* StoryReader.m in Sources */ = {isa = PBXBuildFile; fileRef = 54590E72328FB4B852265951 /* StoryReader.m */; };
		54590857A53E3D20BD2F2F5F /* Stitch.m in Sources */ = {isa = PBXBuildFile; fileRef = 545909F9E8878CD1D53153E3 /* Stitch.m */; };
		545908E5F7C5B39C3FF07117 /* StitchTests.m in Sources */ = {isa = PBXBuildFile; fileRef = 5459005110D3CB778DFB105B /* StitchTests.m */; };
		54590A240B4F70FA2F1A3EB0 /* TextFlowerTests.m in Sources */ = {isa = PBXBuildFile; fileRef = 5459081CFDC0D32D08AABC74 /* TextFlowerTests.m */; };
		54590DB2E366BA643101133A /* OptionNode.m in Sources */ = {isa = PBXBuildFile; fileRef = 54590D84A987FD48A145F6E6 /* OptionNode.m */; };
		54590E2EDEBD7094A5ECA8B4 /* TextFlower.m in Sources */ = {isa = PBXBuildFile; fileRef = 54590D0CBE8B4749184E66B0 /* TextFlower.m */; };
		7950CE01897B7906314179A5 /* libPods.a in Frameworks */ = {isa = PBXBuildFile; fileRef = 6F0646C971F0F9B5A062B32D /* libPods.a */; };
/* End PBXBuildFile section */

/* Begin PBXContainerItemProxy section */
		0294BEBD1ACB745100077455 /* PBXContainerItemProxy */ = {
			isa = PBXContainerItemProxy;
			containerPortal = 0294BE961ACB745000077455 /* Project object */;
			proxyType = 1;
			remoteGlobalIDString = 0294BE9D1ACB745100077455;
			remoteInfo = StockAdventure;
		};
/* End PBXContainerItemProxy section */

/* Begin PBXFileReference section */
		0294BE9E1ACB745100077455 /* StockAdventure.app */ = {isa = PBXFileReference; explicitFileType = wrapper.application; includeInIndex = 0; path = StockAdventure.app; sourceTree = BUILT_PRODUCTS_DIR; };
		0294BEA21ACB745100077455 /* Info.plist */ = {isa = PBXFileReference; lastKnownFileType = text.plist.xml; path = Info.plist; sourceTree = "<group>"; };
		0294BEA31ACB745100077455 /* main.m */ = {isa = PBXFileReference; lastKnownFileType = sourcecode.c.objc; path = main.m; sourceTree = "<group>"; };
		0294BEA51ACB745100077455 /* AppDelegate.h */ = {isa = PBXFileReference; lastKnownFileType = sourcecode.c.h; path = AppDelegate.h; sourceTree = "<group>"; };
		0294BEA61ACB745100077455 /* AppDelegate.m */ = {isa = PBXFileReference; lastKnownFileType = sourcecode.c.objc; path = AppDelegate.m; sourceTree = "<group>"; };
		0294BEA81ACB745100077455 /* GameScene.h */ = {isa = PBXFileReference; lastKnownFileType = sourcecode.c.h; path = GameScene.h; sourceTree = "<group>"; };
		0294BEA91ACB745100077455 /* GameScene.m */ = {isa = PBXFileReference; lastKnownFileType = sourcecode.c.objc; path = GameScene.m; sourceTree = "<group>"; };
		0294BEB11ACB745100077455 /* Base */ = {isa = PBXFileReference; lastKnownFileType = file.storyboard; name = Base; path = Base.lproj/Main.storyboard; sourceTree = "<group>"; };
		0294BEB31ACB745100077455 /* Images.xcassets */ = {isa = PBXFileReference; lastKnownFileType = folder.assetcatalog; path = Images.xcassets; sourceTree = "<group>"; };
		0294BEB61ACB745100077455 /* Base */ = {isa = PBXFileReference; lastKnownFileType = file.xib; name = Base; path = Base.lproj/LaunchScreen.xib; sourceTree = "<group>"; };
		0294BEBC1ACB745100077455 /* StockAdventureTests.xctest */ = {isa = PBXFileReference; explicitFileType = wrapper.cfbundle; includeInIndex = 0; path = StockAdventureTests.xctest; sourceTree = BUILT_PRODUCTS_DIR; };
		0294BEC11ACB745100077455 /* Info.plist */ = {isa = PBXFileReference; lastKnownFileType = text.plist.xml; path = Info.plist; sourceTree = "<group>"; };
		0294BEC21ACB745100077455 /* StockAdventureTests.m */ = {isa = PBXFileReference; lastKnownFileType = sourcecode.c.objc; path = StockAdventureTests.m; sourceTree = "<group>"; };
		02A12A8C1AD5E00D007C142B /* FontTest.xib */ = {isa = PBXFileReference; fileEncoding = 4; lastKnownFileType = file.xib; path = FontTest.xib; sourceTree = "<group>"; };
		279297BD6411B2181E952321 /* Pods.debug.xcconfig */ = {isa = PBXFileReference; includeInIndex = 1; lastKnownFileType = text.xcconfig; name = Pods.debug.xcconfig; path = "Pods/Target Support Files/Pods/Pods.debug.xcconfig"; sourceTree = "<group>"; };
		5459005110D3CB778DFB105B /* StitchTests.m */ = {isa = PBXFileReference; fileEncoding = 4; lastKnownFileType = sourcecode.c.objc; path = StitchTests.m; sourceTree = "<group>"; };
		54590153782BB7BBFA3427F9 /* OptionsNode.m */ = {isa = PBXFileReference; fileEncoding = 4; lastKnownFileType = sourcecode.c.objc; path = OptionsNode.m; sourceTree = "<group>"; };
		545901622765EABAF7EF95A5 /* GameViewController.m */ = {isa = PBXFileReference; fileEncoding = 4; lastKnownFileType = sourcecode.c.objc; path = GameViewController.m; sourceTree = "<group>"; };
		5459019A7EADEC41B37F6EDE /* Stitch.h */ = {isa = PBXFileReference; fileEncoding = 4; lastKnownFileType = sourcecode.c.h; path = Stitch.h; sourceTree = "<group>"; };
		5459060A244101C0044FD94C /* TextFlower.h */ = {isa = PBXFileReference; fileEncoding = 4; lastKnownFileType = sourcecode.c.h; path = TextFlower.h; sourceTree = "<group>"; };
		54590638DF377C8F964925BC /* StitchTransitionProtocol.h */ = {isa = PBXFileReference; fileEncoding = 4; lastKnownFileType = sourcecode.c.h; path = StitchTransitionProtocol.h; sourceTree = "<group>"; };
		545906976A2AD78B5C92185B /* StoryReader.h */ = {isa = PBXFileReference; fileEncoding = 4; lastKnownFileType = sourcecode.c.h; path = StoryReader.h; sourceTree = "<group>"; };
		5459070C8A260112504C6BF4 /* OptionNode.h */ = {isa = PBXFileReference; fileEncoding = 4; lastKnownFileType = sourcecode.c.h; path = OptionNode.h; sourceTree = "<group>"; };
		5459080EBA1F20A68A59496E /* StitchNode.h */ = {isa = PBXFileReference; fileEncoding = 4; lastKnownFileType = sourcecode.c.h; path = StitchNode.h; sourceTree = "<group>"; };
		5459081CFDC0D32D08AABC74 /* TextFlowerTests.m */ = {isa = PBXFileReference; fileEncoding = 4; lastKnownFileType = sourcecode.c.objc; path = TextFlowerTests.m; sourceTree = "<group>"; };
		54590951F8FE597BB704B44B /* OptionsNode.h */ = {isa = PBXFileReference; fileEncoding = 4; lastKnownFileType = sourcecode.c.h; path = OptionsNode.h; sourceTree = "<group>"; };
		545909F9E8878CD1D53153E3 /* Stitch.m */ = {isa = PBXFileReference; fileEncoding = 4; lastKnownFileType = sourcecode.c.objc; path = Stitch.m; sourceTree = "<group>"; };
		54590B831D73542D87FDB55D /* StitchNode.m */ = {isa = PBXFileReference; fileEncoding = 4; lastKnownFileType = sourcecode.c.objc; path = StitchNode.m; sourceTree = "<group>"; };
		54590BA1C7F422C589A5D46C /* story.json */ = {isa = PBXFileReference; lastKnownFileType = file.json; path = story.json; sourceTree = "<group>"; };
		54590D041AE2F4AD2634E082 /* StitchTests.h */ = {isa = PBXFileReference; fileEncoding = 4; lastKnownFileType = sourcecode.c.h; path = StitchTests.h; sourceTree = "<group>"; };
		54590D0CBE8B4749184E66B0 /* TextFlower.m */ = {isa = PBXFileReference; fileEncoding = 4; lastKnownFileType = sourcecode.c.objc; path = TextFlower.m; sourceTree = "<group>"; };
		54590D84A987FD48A145F6E6 /* OptionNode.m */ = {isa = PBXFileReference; fileEncoding = 4; lastKnownFileType = sourcecode.c.objc; path = OptionNode.m; sourceTree = "<group>"; };
		54590DD9A55DF8F2BFDA7BDA /* GameViewController.h */ = {isa = PBXFileReference; fileEncoding = 4; lastKnownFileType = sourcecode.c.h; path = GameViewController.h; sourceTree = "<group>"; };
		54590E72328FB4B852265951 /* StoryReader.m */ = {isa = PBXFileReference; fileEncoding = 4; lastKnownFileType = sourcecode.c.objc; path = StoryReader.m; sourceTree = "<group>"; };
		6F0646C971F0F9B5A062B32D /* libPods.a */ = {isa = PBXFileReference; explicitFileType = archive.ar; includeInIndex = 0; path = libPods.a; sourceTree = BUILT_PRODUCTS_DIR; };
		8B1E53223D07BB9071109ECE /* Pods.release.xcconfig */ = {isa = PBXFileReference; includeInIndex = 1; lastKnownFileType = text.xcconfig; name = Pods.release.xcconfig; path = "Pods/Target Support Files/Pods/Pods.release.xcconfig"; sourceTree = "<group>"; };
/* End PBXFileReference section */

/* Begin PBXFrameworksBuildPhase section */
		0294BE9B1ACB745100077455 /* Frameworks */ = {
			isa = PBXFrameworksBuildPhase;
			buildActionMask = 2147483647;
			files = (
				7950CE01897B7906314179A5 /* libPods.a in Frameworks */,
			);
			runOnlyForDeploymentPostprocessing = 0;
		};
		0294BEB91ACB745100077455 /* Frameworks */ = {
			isa = PBXFrameworksBuildPhase;
			buildActionMask = 2147483647;
			files = (
			);
			runOnlyForDeploymentPostprocessing = 0;
		};
/* End PBXFrameworksBuildPhase section */

/* Begin PBXGroup section */
		0294BE951ACB745000077455 = {
			isa = PBXGroup;
			children = (
				0294BEA01ACB745100077455 /* StockAdventure */,
				0294BEBF1ACB745100077455 /* StockAdventureTests */,
				0294BE9F1ACB745100077455 /* Products */,
				74082BF2EC6F627E0C8163F5 /* Pods */,
				33D735850A2117F8EE33816D /* Frameworks */,
			);
			sourceTree = "<group>";
		};
		0294BE9F1ACB745100077455 /* Products */ = {
			isa = PBXGroup;
			children = (
				0294BE9E1ACB745100077455 /* StockAdventure.app */,
				0294BEBC1ACB745100077455 /* StockAdventureTests.xctest */,
			);
			name = Products;
			sourceTree = "<group>";
		};
		0294BEA01ACB745100077455 /* StockAdventure */ = {
			isa = PBXGroup;
			children = (
				0294BEA51ACB745100077455 /* AppDelegate.h */,
				0294BEA61ACB745100077455 /* AppDelegate.m */,
				0294BEA81ACB745100077455 /* GameScene.h */,
				0294BEA91ACB745100077455 /* GameScene.m */,
				0294BEB01ACB745100077455 /* Main.storyboard */,
				0294BEB31ACB745100077455 /* Images.xcassets */,
				0294BEB51ACB745100077455 /* LaunchScreen.xib */,
				0294BEA11ACB745100077455 /* Supporting Files */,
				54590DD9A55DF8F2BFDA7BDA /* GameViewController.h */,
				545901622765EABAF7EF95A5 /* GameViewController.m */,
				54590847E3242C1331794F03 /* Nodes */,
				54590BA1C7F422C589A5D46C /* story.json */,
				545907A61167CA6DB9F5EE9B /* Story */,
			);
			path = StockAdventure;
			sourceTree = "<group>";
		};
		0294BEA11ACB745100077455 /* Supporting Files */ = {
			isa = PBXGroup;
			children = (
				0294BEA21ACB745100077455 /* Info.plist */,
				0294BEA31ACB745100077455 /* main.m */,
			);
			name = "Supporting Files";
			sourceTree = "<group>";
		};
		0294BEBF1ACB745100077455 /* StockAdventureTests */ = {
			isa = PBXGroup;
			children = (
				0294BEC21ACB745100077455 /* StockAdventureTests.m */,
				0294BEC01ACB745100077455 /* Supporting Files */,
				54590952C2D1E4056727E670 /* Story */,
			);
			path = StockAdventureTests;
			sourceTree = "<group>";
		};
		0294BEC01ACB745100077455 /* Supporting Files */ = {
			isa = PBXGroup;
			children = (
				0294BEC11ACB745100077455 /* Info.plist */,
			);
			name = "Supporting Files";
			sourceTree = "<group>";
		};
		33D735850A2117F8EE33816D /* Frameworks */ = {
			isa = PBXGroup;
			children = (
				6F0646C971F0F9B5A062B32D /* libPods.a */,
			);
			name = Frameworks;
			sourceTree = "<group>";
		};
		545907A61167CA6DB9F5EE9B /* Story */ = {
			isa = PBXGroup;
			children = (
				54590E72328FB4B852265951 /* StoryReader.m */,
				545906976A2AD78B5C92185B /* StoryReader.h */,
				545909F9E8878CD1D53153E3 /* Stitch.m */,
				5459019A7EADEC41B37F6EDE /* Stitch.h */,
			);
			path = Story;
			sourceTree = "<group>";
		};
		54590847E3242C1331794F03 /* Nodes */ = {
			isa = PBXGroup;
			children = (
				54590B831D73542D87FDB55D /* StitchNode.m */,
				5459080EBA1F20A68A59496E /* StitchNode.h */,
				54590153782BB7BBFA3427F9 /* OptionsNode.m */,
				54590951F8FE597BB704B44B /* OptionsNode.h */,
				02A12A8C1AD5E00D007C142B /* FontTest.xib */,
				54590638DF377C8F964925BC /* StitchTransitionProtocol.h */,
				54590D0CBE8B4749184E66B0 /* TextFlower.m */,
				5459060A244101C0044FD94C /* TextFlower.h */,
				54590D84A987FD48A145F6E6 /* OptionNode.m */,
				5459070C8A260112504C6BF4 /* OptionNode.h */,
			);
			path = Nodes;
			sourceTree = "<group>";
		};
		54590952C2D1E4056727E670 /* Story */ = {
			isa = PBXGroup;
			children = (
				5459005110D3CB778DFB105B /* StitchTests.m */,
				54590D041AE2F4AD2634E082 /* StitchTests.h */,
				5459081CFDC0D32D08AABC74 /* TextFlowerTests.m */,
			);
			path = Story;
			sourceTree = "<group>";
		};
		74082BF2EC6F627E0C8163F5 /* Pods */ = {
			isa = PBXGroup;
			children = (
				279297BD6411B2181E952321 /* Pods.debug.xcconfig */,
				8B1E53223D07BB9071109ECE /* Pods.release.xcconfig */,
			);
			name = Pods;
			sourceTree = "<group>";
		};
/* End PBXGroup section */

/* Begin PBXNativeTarget section */
		0294BE9D1ACB745100077455 /* StockAdventure */ = {
			isa = PBXNativeTarget;
			buildConfigurationList = 0294BEC61ACB745100077455 /* Build configuration list for PBXNativeTarget "StockAdventure" */;
			buildPhases = (
				C64F97B88F78736D45C43E6D /* Check Pods Manifest.lock */,
				0294BE9A1ACB745100077455 /* Sources */,
				0294BE9B1ACB745100077455 /* Frameworks */,
				0294BE9C1ACB745100077455 /* Resources */,
				C58C72079F7860394DCAADF4 /* Copy Pods Resources */,
			);
			buildRules = (
			);
			dependencies = (
			);
			name = StockAdventure;
			productName = StockAdventure;
			productReference = 0294BE9E1ACB745100077455 /* StockAdventure.app */;
			productType = "com.apple.product-type.application";
		};
		0294BEBB1ACB745100077455 /* StockAdventureTests */ = {
			isa = PBXNativeTarget;
			buildConfigurationList = 0294BEC91ACB745100077455 /* Build configuration list for PBXNativeTarget "StockAdventureTests" */;
			buildPhases = (
				0294BEB81ACB745100077455 /* Sources */,
				0294BEB91ACB745100077455 /* Frameworks */,
				0294BEBA1ACB745100077455 /* Resources */,
			);
			buildRules = (
			);
			dependencies = (
				0294BEBE1ACB745100077455 /* PBXTargetDependency */,
			);
			name = StockAdventureTests;
			productName = StockAdventureTests;
			productReference = 0294BEBC1ACB745100077455 /* StockAdventureTests.xctest */;
			productType = "com.apple.product-type.bundle.unit-test";
		};
/* End PBXNativeTarget section */

/* Begin PBXProject section */
		0294BE961ACB745000077455 /* Project object */ = {
			isa = PBXProject;
			attributes = {
				LastUpgradeCheck = 0620;
				ORGANIZATIONNAME = "Stefan Kendall";
				TargetAttributes = {
					0294BE9D1ACB745100077455 = {
						CreatedOnToolsVersion = 6.2;
					};
					0294BEBB1ACB745100077455 = {
						CreatedOnToolsVersion = 6.2;
						TestTargetID = 0294BE9D1ACB745100077455;
					};
				};
			};
			buildConfigurationList = 0294BE991ACB745000077455 /* Build configuration list for PBXProject "StockAdventure" */;
			compatibilityVersion = "Xcode 3.2";
			developmentRegion = English;
			hasScannedForEncodings = 0;
			knownRegions = (
				en,
				Base,
			);
			mainGroup = 0294BE951ACB745000077455;
			productRefGroup = 0294BE9F1ACB745100077455 /* Products */;
			projectDirPath = "";
			projectRoot = "";
			targets = (
				0294BE9D1ACB745100077455 /* StockAdventure */,
				0294BEBB1ACB745100077455 /* StockAdventureTests */,
			);
		};
/* End PBXProject section */

/* Begin PBXResourcesBuildPhase section */
		0294BE9C1ACB745100077455 /* Resources */ = {
			isa = PBXResourcesBuildPhase;
			buildActionMask = 2147483647;
			files = (
				0294BEB71ACB745100077455 /* LaunchScreen.xib in Resources */,
				0294BEB41ACB745100077455 /* Images.xcassets in Resources */,
				02A12A8D1AD5E00D007C142B /* FontTest.xib in Resources */,
				0294BEB21ACB745100077455 /* Main.storyboard in Resources */,
				54590178D317DFDC9DED2F06 /* story.json in Resources */,
			);
			runOnlyForDeploymentPostprocessing = 0;
		};
		0294BEBA1ACB745100077455 /* Resources */ = {
			isa = PBXResourcesBuildPhase;
			buildActionMask = 2147483647;
			files = (
			);
			runOnlyForDeploymentPostprocessing = 0;
		};
/* End PBXResourcesBuildPhase section */

/* Begin PBXShellScriptBuildPhase section */
		C58C72079F7860394DCAADF4 /* Copy Pods Resources */ = {
			isa = PBXShellScriptBuildPhase;
			buildActionMask = 2147483647;
			files = (
			);
			inputPaths = (
			);
			name = "Copy Pods Resources";
			outputPaths = (
			);
			runOnlyForDeploymentPostprocessing = 0;
			shellPath = /bin/sh;
			shellScript = "\"${SRCROOT}/Pods/Target Support Files/Pods/Pods-resources.sh\"\n";
			showEnvVarsInLog = 0;
		};
		C64F97B88F78736D45C43E6D /* Check Pods Manifest.lock */ = {
			isa = PBXShellScriptBuildPhase;
			buildActionMask = 2147483647;
			files = (
			);
			inputPaths = (
			);
			name = "Check Pods Manifest.lock";
			outputPaths = (
			);
			runOnlyForDeploymentPostprocessing = 0;
			shellPath = /bin/sh;
			shellScript = "diff \"${PODS_ROOT}/../Podfile.lock\" \"${PODS_ROOT}/Manifest.lock\" > /dev/null\nif [[ $? != 0 ]] ; then\n    cat << EOM\nerror: The sandbox is not in sync with the Podfile.lock. Run 'pod install' or update your CocoaPods installation.\nEOM\n    exit 1\nfi\n";
			showEnvVarsInLog = 0;
		};
/* End PBXShellScriptBuildPhase section */

/* Begin PBXSourcesBuildPhase section */
		0294BE9A1ACB745100077455 /* Sources */ = {
			isa = PBXSourcesBuildPhase;
			buildActionMask = 2147483647;
			files = (
				0294BEA71ACB745100077455 /* AppDelegate.m in Sources */,
				0294BEAA1ACB745100077455 /* GameScene.m in Sources */,
				0294BEA41ACB745100077455 /* main.m in Sources */,
				5459059D733D587B3FEBDCAB /* GameViewController.m in Sources */,
				545903A48F9F578AFBA29F23 /* StitchNode.m in Sources */,
				54590760295CFDDEC49CD7E5 /* StoryReader.m in Sources */,
				54590857A53E3D20BD2F2F5F /* Stitch.m in Sources */,
				545904FF6E4E41C23E23D301 /* OptionsNode.m in Sources */,
				54590E2EDEBD7094A5ECA8B4 /* TextFlower.m in Sources */,
				54590DB2E366BA643101133A /* OptionNode.m in Sources */,
			);
			runOnlyForDeploymentPostprocessing = 0;
		};
		0294BEB81ACB745100077455 /* Sources */ = {
			isa = PBXSourcesBuildPhase;
			buildActionMask = 2147483647;
			files = (
				0294BEC31ACB745100077455 /* StockAdventureTests.m in Sources */,
				545908E5F7C5B39C3FF07117 /* StitchTests.m in Sources */,
				54590A240B4F70FA2F1A3EB0 /* TextFlowerTests.m in Sources */,
			);
			runOnlyForDeploymentPostprocessing = 0;
		};
/* End PBXSourcesBuildPhase section */

/* Begin PBXTargetDependency section */
		0294BEBE1ACB745100077455 /* PBXTargetDependency */ = {
			isa = PBXTargetDependency;
			target = 0294BE9D1ACB745100077455 /* StockAdventure */;
			targetProxy = 0294BEBD1ACB745100077455 /* PBXContainerItemProxy */;
		};
/* End PBXTargetDependency section */

/* Begin PBXVariantGroup section */
		0294BEB01ACB745100077455 /* Main.storyboard */ = {
			isa = PBXVariantGroup;
			children = (
				0294BEB11ACB745100077455 /* Base */,
			);
			name = Main.storyboard;
			sourceTree = "<group>";
		};
		0294BEB51ACB745100077455 /* LaunchScreen.xib */ = {
			isa = PBXVariantGroup;
			children = (
				0294BEB61ACB745100077455 /* Base */,
			);
			name = LaunchScreen.xib;
			sourceTree = "<group>";
		};
/* End PBXVariantGroup section */

/* Begin XCBuildConfiguration section */
		0294BEC41ACB745100077455 /* Debug */ = {
			isa = XCBuildConfiguration;
			buildSettings = {
				ALWAYS_SEARCH_USER_PATHS = NO;
				CLANG_CXX_LANGUAGE_STANDARD = "gnu++0x";
				CLANG_CXX_LIBRARY = "libc++";
				CLANG_ENABLE_MODULES = YES;
				CLANG_ENABLE_OBJC_ARC = YES;
				CLANG_WARN_BOOL_CONVERSION = YES;
				CLANG_WARN_CONSTANT_CONVERSION = YES;
				CLANG_WARN_DIRECT_OBJC_ISA_USAGE = YES_ERROR;
				CLANG_WARN_EMPTY_BODY = YES;
				CLANG_WARN_ENUM_CONVERSION = YES;
				CLANG_WARN_INT_CONVERSION = YES;
				CLANG_WARN_OBJC_ROOT_CLASS = YES_ERROR;
				CLANG_WARN_UNREACHABLE_CODE = YES;
				CLANG_WARN__DUPLICATE_METHOD_MATCH = YES;
				"CODE_SIGN_IDENTITY[sdk=iphoneos*]" = "iPhone Developer";
				COPY_PHASE_STRIP = NO;
				ENABLE_STRICT_OBJC_MSGSEND = YES;
				GCC_C_LANGUAGE_STANDARD = gnu99;
				GCC_DYNAMIC_NO_PIC = NO;
				GCC_OPTIMIZATION_LEVEL = 0;
				GCC_PREPROCESSOR_DEFINITIONS = (
					"DEBUG=1",
					"$(inherited)",
				);
				GCC_SYMBOLS_PRIVATE_EXTERN = NO;
				GCC_WARN_64_TO_32_BIT_CONVERSION = YES;
				GCC_WARN_ABOUT_RETURN_TYPE = YES_ERROR;
				GCC_WARN_UNDECLARED_SELECTOR = YES;
				GCC_WARN_UNINITIALIZED_AUTOS = YES_AGGRESSIVE;
				GCC_WARN_UNUSED_FUNCTION = YES;
				GCC_WARN_UNUSED_VARIABLE = YES;
				IPHONEOS_DEPLOYMENT_TARGET = 8.2;
				MTL_ENABLE_DEBUG_INFO = YES;
				ONLY_ACTIVE_ARCH = YES;
				SDKROOT = iphoneos;
				TARGETED_DEVICE_FAMILY = "1,2";
			};
			name = Debug;
		};
		0294BEC51ACB745100077455 /* Release */ = {
			isa = XCBuildConfiguration;
			buildSettings = {
				ALWAYS_SEARCH_USER_PATHS = NO;
				CLANG_CXX_LANGUAGE_STANDARD = "gnu++0x";
				CLANG_CXX_LIBRARY = "libc++";
				CLANG_ENABLE_MODULES = YES;
				CLANG_ENABLE_OBJC_ARC = YES;
				CLANG_WARN_BOOL_CONVERSION = YES;
				CLANG_WARN_CONSTANT_CONVERSION = YES;
				CLANG_WARN_DIRECT_OBJC_ISA_USAGE = YES_ERROR;
				CLANG_WARN_EMPTY_BODY = YES;
				CLANG_WARN_ENUM_CONVERSION = YES;
				CLANG_WARN_INT_CONVERSION = YES;
				CLANG_WARN_OBJC_ROOT_CLASS = YES_ERROR;
				CLANG_WARN_UNREACHABLE_CODE = YES;
				CLANG_WARN__DUPLICATE_METHOD_MATCH = YES;
				"CODE_SIGN_IDENTITY[sdk=iphoneos*]" = "iPhone Developer";
				COPY_PHASE_STRIP = NO;
				ENABLE_NS_ASSERTIONS = NO;
				ENABLE_STRICT_OBJC_MSGSEND = YES;
				GCC_C_LANGUAGE_STANDARD = gnu99;
				GCC_WARN_64_TO_32_BIT_CONVERSION = YES;
				GCC_WARN_ABOUT_RETURN_TYPE = YES_ERROR;
				GCC_WARN_UNDECLARED_SELECTOR = YES;
				GCC_WARN_UNINITIALIZED_AUTOS = YES_AGGRESSIVE;
				GCC_WARN_UNUSED_FUNCTION = YES;
				GCC_WARN_UNUSED_VARIABLE = YES;
				IPHONEOS_DEPLOYMENT_TARGET = 8.2;
				MTL_ENABLE_DEBUG_INFO = NO;
				SDKROOT = iphoneos;
				TARGETED_DEVICE_FAMILY = "1,2";
				VALIDATE_PRODUCT = YES;
			};
			name = Release;
		};
		0294BEC71ACB745100077455 /* Debug */ = {
			isa = XCBuildConfiguration;
			baseConfigurationReference = 279297BD6411B2181E952321 /* Pods.debug.xcconfig */;
			buildSettings = {
				ASSETCATALOG_COMPILER_APPICON_NAME = AppIcon;
				INFOPLIST_FILE = StockAdventure/Info.plist;
				LD_RUNPATH_SEARCH_PATHS = "$(inherited) @executable_path/Frameworks";
				PRODUCT_NAME = "$(TARGET_NAME)";
			};
			name = Debug;
		};
		0294BEC81ACB745100077455 /* Release */ = {
			isa = XCBuildConfiguration;
			baseConfigurationReference = 8B1E53223D07BB9071109ECE /* Pods.release.xcconfig */;
			buildSettings = {
				ASSETCATALOG_COMPILER_APPICON_NAME = AppIcon;
				INFOPLIST_FILE = StockAdventure/Info.plist;
				LD_RUNPATH_SEARCH_PATHS = "$(inherited) @executable_path/Frameworks";
				PRODUCT_NAME = "$(TARGET_NAME)";
			};
			name = Release;
		};
		0294BECA1ACB745100077455 /* Debug */ = {
			isa = XCBuildConfiguration;
			buildSettings = {
				BUNDLE_LOADER = "$(TEST_HOST)";
				FRAMEWORK_SEARCH_PATHS = (
					"$(SDKROOT)/Developer/Library/Frameworks",
					"$(inherited)",
				);
				GCC_PREPROCESSOR_DEFINITIONS = (
					"DEBUG=1",
					"$(inherited)",
				);
				INFOPLIST_FILE = StockAdventureTests/Info.plist;
				LD_RUNPATH_SEARCH_PATHS = "$(inherited) @executable_path/Frameworks @loader_path/Frameworks";
				PRODUCT_NAME = "$(TARGET_NAME)";
				TEST_HOST = "$(BUILT_PRODUCTS_DIR)/StockAdventure.app/StockAdventure";
			};
			name = Debug;
		};
		0294BECB1ACB745100077455 /* Release */ = {
			isa = XCBuildConfiguration;
			buildSettings = {
				BUNDLE_LOADER = "$(TEST_HOST)";
				FRAMEWORK_SEARCH_PATHS = (
					"$(SDKROOT)/Developer/Library/Frameworks",
					"$(inherited)",
				);
				INFOPLIST_FILE = StockAdventureTests/Info.plist;
				LD_RUNPATH_SEARCH_PATHS = "$(inherited) @executable_path/Frameworks @loader_path/Frameworks";
				PRODUCT_NAME = "$(TARGET_NAME)";
				TEST_HOST = "$(BUILT_PRODUCTS_DIR)/StockAdventure.app/StockAdventure";
			};
			name = Release;
		};
/* End XCBuildConfiguration section */

/* Begin XCConfigurationList section */
		0294BE991ACB745000077455 /* Build configuration list for PBXProject "StockAdventure" */ = {
			isa = XCConfigurationList;
			buildConfigurations = (
				0294BEC41ACB745100077455 /* Debug */,
				0294BEC51ACB745100077455 /* Release */,
			);
			defaultConfigurationIsVisible = 0;
			defaultConfigurationName = Release;
		};
		0294BEC61ACB745100077455 /* Build configuration list for PBXNativeTarget "StockAdventure" */ = {
			isa = XCConfigurationList;
			buildConfigurations = (
				0294BEC71ACB745100077455 /* Debug */,
				0294BEC81ACB745100077455 /* Release */,
			);
			defaultConfigurationIsVisible = 0;
			defaultConfigurationName = Release;
		};
		0294BEC91ACB745100077455 /* Build configuration list for PBXNativeTarget "StockAdventureTests" */ = {
			isa = XCConfigurationList;
			buildConfigurations = (
				0294BECA1ACB745100077455 /* Debug */,
				0294BECB1ACB745100077455 /* Release */,
			);
			defaultConfigurationIsVisible = 0;
			defaultConfigurationName = Release;
		};
/* End XCConfigurationList section */
	};
	rootObject = 0294BE961ACB745000077455 /* Project object */;
}
